
Microsoft Visual Studio Solution File, Format Version 12.00
# Visual Studio 15
VisualStudioVersion = 15.0.28307.421
MinimumVisualStudioVersion = 10.0.40219.1
Project("{8BC9CEB8-8B4A-11D0-8D11-00A0C91BC942}") = "libmconf", "libmconf\libmconf.vcxproj", "{EF354FE9-7727-40AD-B716-99C2393AB7AA}"
EndProject
Global
	GlobalSection(SolutionConfigurationPlatforms) = preSolution
		Debug|x64 = Debug|x64
		Debug|x86 = Debug|x86
		Release|x64 = Release|x64
		Release|x86 = Release|x86
	EndGlobalSection
	GlobalSection(ProjectConfigurationPlatforms) = postSolution
		{EF354FE9-7727-40AD-B716-99C2393AB7AA}.Debug|x64.ActiveCfg = Debug|x64
		{EF354FE9-7727-40AD-B716-99C2393AB7AA}.Debug|x64.Build.0 = Debug|x64
		{EF354FE9-7727-40AD-B716-99C2393AB7AA}.Debug|x86.ActiveCfg = Debug|Win32
		{EF354FE9-7727-40AD-B716-99C2393AB7AA}.Debug|x86.Build.0 = Debug|Win32
		{EF354FE9-7727-40AD-B716-99C2393AB7AA}.Release|x64.ActiveCfg = Release|x64
		{EF354FE9-7727-40AD-B716-99C2393AB7AA}.Release|x64.Build.0 = Release|x64
		{EF354FE9-7727-40AD-B716-99C2393AB7AA}.Release|x86.ActiveCfg = Release|Win32
		{EF354FE9-7727-40AD-B716-99C2393AB7AA}.Release|x86.Build.0 = Release|Win32
	EndGlobalSection
	GlobalSection(SolutionProperties) = preSolution
		HideSolutionNode = FALSE
	EndGlobalSection
	GlobalSection(ExtensibilityGlobals) = postSolution
		SolutionGuid = {10A203C4-EA72-4EF5-922B-E7B31150A678}
	EndGlobalSection
EndGlobal
